hash: 7712da3f04d3f1beb47e6ac6457f773083b27fae615e3ea78dd78413a6deabe4
updated: 2016-11-01T02:55:26.174552258Z
imports:
- name: github.com/fxsjy/gonn
  version: bb82a6c319ea296cf765ab9b9d08a6af9435cc1a
- name: github.com/jlaffaye/ftp
  version: 025815df64030c144b86e368fedf80ee195fe464
- name: github.com/uber-go/atomic
  version: 9e99152552a6ce13fa3b2ce4a9c4fb117cca4506
- name: github.com/uber-go/zap
  version: f2929c57adb5be8fb03cad9a6912c509a5cb60af
- name: github.com/urfave/cli
  version: a14d7d367bc02b1f57d88de97926727f2d936387
testImports: []
